PODS:
  - Expecta (1.0.6)
  - libx265 (3.0):
    - libx265/common (= 3.0)
    - libx265/core (= 3.0)
    - libx265/encoder (= 3.0)
    - libx265/input (= 3.0)
    - libx265/output (= 3.0)
    - libx265/x265 (= 3.0)
  - libx265/common (3.0):
    - libx265/core
  - libx265/core (3.0)
  - libx265/encoder (3.0):
    - libx265/output
  - libx265/input (3.0):
    - libx265/common
  - libx265/output (3.0):
    - libx265/input
  - libx265/x265 (3.0):
    - libx265/common
    - libx265/core
    - libx265/encoder
    - libx265/input
    - libx265/output
  - SDWebImage/Core (5.0.0-beta5)
  - SDWebImageBPGCoder/bpgenc (0.4.0):
    - libx265
    - SDWebImage/Core (>= 5.0.0-beta4)
    - SDWebImageBPGCoder/libbpg
  - SDWebImageBPGCoder/libbpg (0.4.0):
    - SDWebImage/Core (>= 5.0.0-beta4)
  - Specta (1.0.7)

DEPENDENCIES:
  - Expecta
  - SDWebImageBPGCoder/bpgenc (from `../`)
  - SDWebImageBPGCoder/libbpg (from `../`)
  - Specta

SPEC REPOS:
  https://github.com/cocoapods/specs.git:
    - Expecta
    - libx265
    - SDWebImage
    - Specta

EXTERNAL SOURCES:
  SDWebImageBPGCoder:
    :path: "../"

SPEC CHECKSUMS:
  Expecta: 3b6bd90a64b9a1dcb0b70aa0e10a7f8f631667d5
  libx265: 23ab716aae3eff1e6b68b3db6ace8883867691c4
  SDWebImage: fd609df53c0f55fdcd4705bd14c01c9d5c348d0c
  SDWebImageBPGCoder: 3c1d498041a124ed49453da4108957342ff04a03
  Specta: 3e1bd89c3517421982dc4d1c992503e48bd5fe66

PODFILE CHECKSUM: 0f81121cdc589dfdeb358147154e6bd7e7bcbd4f

COCOAPODS: 1.5.3
