PODS:
  - Expecta (1.0.6)
  - SDWebImage/Core (5.0.0-beta2)
  - SDWebImageBPGCoder (0.2.0):
    - SDWebImage/Core (>= 5.0.0-beta2)
  - Specta (1.0.7)

DEPENDENCIES:
  - Expecta
  - SDWebImageBPGCoder (from `../`)
  - Specta

EXTERNAL SOURCES:
  SDWebImageBPGCoder:
    :path: ../

SPEC CHECKSUMS:
  Expecta: 3b6bd90a64b9a1dcb0b70aa0e10a7f8f631667d5
  SDWebImage: 8e4aaf5805e954ad426702adf5a8c012a7f581d1
  SDWebImageBPGCoder: 5d944cc945509e097a5b7bc564e7ed1d8014e696
  Specta: 3e1bd89c3517421982dc4d1c992503e48bd5fe66

PODFILE CHECKSUM: fd53aea563c6f2d11e877e91e372db7ed344f907

COCOAPODS: 1.4.0
